---
mruby:
  version: 3.0.0
  release_no: 30000
  git_commit: 0f45836b5954accf508f333f932741b925214471
builds:
  host:
    https://github.com/iij/mruby-dir.git:
      url: https://github.com/iij/mruby-dir.git
      branch: master
      commit: 89dceefa1250fb1ae868d4cb52498e9e24293cd1
      version: 0.0.0
    https://github.com/iij/mruby-process.git:
      url: https://github.com/iij/mruby-process.git
      branch: master
      commit: 95da206a5764f4e80146979b8e35bd7a9afd6850
      version: 0.0.0
    https://github.com/iij/mruby-env.git:
      url: https://github.com/iij/mruby-env.git
      branch: master
      commit: 056ae324451ef16a50c7887e117f0ea30921b71b
      version: 0.0.0
    https://github.com/haconiwa/mruby-linux-namespace.git:
      url: https://github.com/haconiwa/mruby-linux-namespace.git
      branch: master
      commit: c1cc9c091ad58750d22625741160c4e3a73048b3
      version: 0.0.0
    https://github.com/iij/mruby-errno.git:
      url: https://github.com/iij/mruby-errno.git
      branch: master
      commit: b4415207ff6ea62360619c89a1cff83259dc4db0
      version: 0.0.0
    https://github.com/mattn/mruby-sha1.git:
      url: https://github.com/mattn/mruby-sha1.git
      branch: master
      commit: 528419eefb415203b989650f7b792b3556e3d475
      version: 0.0.0
    https://github.com/iij/mruby-iijson.git:
      url: https://github.com/iij/mruby-iijson.git
      branch: master
      commit: c5e730c30090d3cddae258f57ab9508edb3e9fce
      version: 0.0.0
    https://github.com/iij/mruby-regexp-pcre.git:
      url: https://github.com/iij/mruby-regexp-pcre.git
      branch: master
      commit: 71bd16ba59239f04aefb73bb6d46d5b581f27b1b
      version: 0.0.0
    https://github.com/matsumotory/mruby-simplehttp.git:
      url: https://github.com/matsumotory/mruby-simplehttp.git
      branch: master
      commit: 4b756cdc743dd3f21b79401e9e0c788ce3e95c98
      version: 0.0.1
    https://github.com/monochromegane/mruby-time-strftime.git:
      url: https://github.com/monochromegane/mruby-time-strftime.git
      branch: master
      commit: ea8a77504f43fe9f985529b987f3d88bf2a2291a
      version: 0.0.0
    https://github.com/udzura/mruby-simplehttpserver.git:
      url: https://github.com/udzura/mruby-simplehttpserver.git
      branch: master
      commit: 72e5dcf365319e25b405d14d08081b6500d109b1
      version: 1.0.0
    https://github.com/haconiwa/mruby-exec.git:
      url: https://github.com/haconiwa/mruby-exec.git
      branch: master
      commit: 29085a3357ce6029e56f0e599a1a314d26bd2247
      version: 0.0.0
    https://github.com/haconiwa/mruby-mount.git:
      url: https://github.com/haconiwa/mruby-mount.git
      branch: master
      commit: e2ef8287987549c27dd5a0bfca2c51854b01afa0
      version: 0.2.0
    https://github.com/haconiwa/mruby-procutil.git:
      url: https://github.com/haconiwa/mruby-procutil.git
      branch: master
      commit: '083efbe409d53110ac10e97c5b571a5f2cffb825'
      version: 0.0.0
    https://github.com/haconiwa/mruby-process-sys.git:
      url: https://github.com/haconiwa/mruby-process-sys.git
      branch: master
      commit: e3dde7b89391d265e1bd7e89ce4d65ea68700c36
      version: 0.1.1
    https://github.com/udzura/mruby-fibered_worker.git:
      url: https://github.com/udzura/mruby-fibered_worker.git
      branch: master
      commit: 56b1a3ee5d6a94af5e790ca1b8d7da41bd5684b9
      version: 0.7.0
    https://github.com/udzura/mruby-lockfile.git:
      url: https://github.com/udzura/mruby-lockfile.git
      branch: master
      commit: 37840c81bc0d404e06a9b731aa95dadc25caf45a
      version: 0.0.0
    https://github.com/udzura/mruby-criu.git:
      url: https://github.com/udzura/mruby-criu.git
      branch: master
      commit: 10422bddc844ff44b7faae3145ba8d202cf2996d
      version: 0.0.0
    https://github.com/luisbebop/mruby-polarssl.git:
      url: https://github.com/luisbebop/mruby-polarssl.git
      branch: master
      commit: 37b14f7b7378bc798eb980d8649f3fcfb1a1defe
      version: 2.1.2
    https://github.com/mattn/mruby-json.git:
      url: https://github.com/mattn/mruby-json.git
      branch: master
      commit: '054699892b0d681110e7348440cddb70a3fd671e'
      version: 0.0.0
    https://github.com/mattn/mruby-http.git:
      url: https://github.com/mattn/mruby-http.git
      branch: master
      commit: dfabda4dc0fa8581a8760097c0cb79d4395199a5
      version: 0.0.0
    https://github.com/katzer/mruby-shelf.git:
      url: https://github.com/katzer/mruby-shelf.git
      branch: master
      commit: 3bf2bc69eaceb4555ded37081e61c247808e6d88
      version: 0.0.0
    https://github.com/iij/mruby-mtest.git:
      url: https://github.com/iij/mruby-mtest.git
      branch: master
      commit: 34a477d249b0d21671058be33aa75d04c3e981ba
      version: 0.0.0
    https://github.com/katzer/mruby-r3.git:
      url: https://github.com/katzer/mruby-r3.git
      branch: master
      commit: 4afb07dc09fb199bd7907deff5666d68131767df
      version: 0.0.0
